
Microsoft Visual Studio Solution File, Format Version 12.00
# Visual Studio Version 17
VisualStudioVersion = 17.3.32721.290
MinimumVisualStudioVersion = 10.0.40219.1
Project("{FAE04EC0-301F-11D3-BF4B-00C04F79EFBC}") = "ecommerce.Server", "ecommerce\Server\ecommerce.Server.csproj", "{9AC86773-7DC8-4B32-9E1C-B17C2B1B5E1C}"
EndProject
Project("{FAE04EC0-301F-11D3-BF4B-00C04F79EFBC}") = "ecommerce.Client", "ecommerce\Client\ecommerce.Client.csproj", "{168791BA-A5EC-4F10-9F23-8F59844054DE}"
EndProject
Project("{FAE04EC0-301F-11D3-BF4B-00C04F79EFBC}") = "ecommerce.Shared", "ecommerce\Shared\ecommerce.Shared.csproj", "{226665F8-4ADE-4FA7-BFF5-D4E94A5A3681}"
EndProject
Global
	GlobalSection(SolutionConfigurationPlatforms) = preSolution
		Debug|Any CPU = Debug|Any CPU
		Release|Any CPU = Release|Any CPU
	EndGlobalSection
	GlobalSection(ProjectConfigurationPlatforms) = postSolution
		{9AC86773-7DC8-4B32-9E1C-B17C2B1B5E1C}.Debug|Any CPU.ActiveCfg = Debug|Any CPU
		{9AC86773-7DC8-4B32-9E1C-B17C2B1B5E1C}.Debug|Any CPU.Build.0 = Debug|Any CPU
		{9AC86773-7DC8-4B32-9E1C-B17C2B1B5E1C}.Release|Any CPU.ActiveCfg = Release|Any CPU
		{9AC86773-7DC8-4B32-9E1C-B17C2B1B5E1C}.Release|Any CPU.Build.0 = Release|Any CPU
		{168791BA-A5EC-4F10-9F23-8F59844054DE}.Debug|Any CPU.ActiveCfg = Debug|Any CPU
		{168791BA-A5EC-4F10-9F23-8F59844054DE}.Debug|Any CPU.Build.0 = Debug|Any CPU
		{168791BA-A5EC-4F10-9F23-8F59844054DE}.Release|Any CPU.ActiveCfg = Release|Any CPU
		{168791BA-A5EC-4F10-9F23-8F59844054DE}.Release|Any CPU.Build.0 = Release|Any CPU
		{226665F8-4ADE-4FA7-BFF5-D4E94A5A3681}.Debug|Any CPU.ActiveCfg = Debug|Any CPU
		{226665F8-4ADE-4FA7-BFF5-D4E94A5A3681}.Debug|Any CPU.Build.0 = Debug|Any CPU
		{226665F8-4ADE-4FA7-BFF5-D4E94A5A3681}.Release|Any CPU.ActiveCfg = Release|Any CPU
		{226665F8-4ADE-4FA7-BFF5-D4E94A5A3681}.Release|Any CPU.Build.0 = Release|Any CPU
	EndGlobalSection
	GlobalSection(SolutionProperties) = preSolution
		HideSolutionNode = FALSE
	EndGlobalSection
	GlobalSection(ExtensibilityGlobals) = postSolution
		SolutionGuid = {8E9C6CA6-7AB4-4ED3-B1C3-22C04C710FD5}
	EndGlobalSection
EndGlobal
